
Microsoft Visual Studio Solution File, Format Version 12.00
# Visual Studio 15
VisualStudioVersion = 15.0.28307.705
MinimumVisualStudioVersion = 10.0.40219.1
Project("{FAE04EC0-301F-11D3-BF4B-00C04F79EFBC}") = "MailParser", "MailParser\MailParser.csproj", "{B5E02536-EB27-4CFE-8CB3-0786A0A7AA78}"
EndProject
Global
	GlobalSection(SolutionConfigurationPlatforms) = preSolution
		Debug|Any CPU = Debug|Any CPU
		Release|Any CPU = Release|Any CPU
	EndGlobalSection
	GlobalSection(ProjectConfigurationPlatforms) = postSolution
		{B5E02536-EB27-4CFE-8CB3-0786A0A7AA78}.Debug|Any CPU.ActiveCfg = Debug|Any CPU
		{B5E02536-EB27-4CFE-8CB3-0786A0A7AA78}.Debug|Any CPU.Build.0 = Debug|Any CPU
		{B5E02536-EB27-4CFE-8CB3-0786A0A7AA78}.Release|Any CPU.ActiveCfg = Release|Any CPU
		{B5E02536-EB27-4CFE-8CB3-0786A0A7AA78}.Release|Any CPU.Build.0 = Release|Any CPU
	EndGlobalSection
	GlobalSection(SolutionProperties) = preSolution
		HideSolutionNode = FALSE
	EndGlobalSection
	GlobalSection(ExtensibilityGlobals) = postSolution
		SolutionGuid = {E3BCFDA3-0ABF-4CE9-AF9D-CF4674504B67}
	EndGlobalSection
EndGlobal
